
Microsoft Visual Studio Solution File, Format Version 12.00
# Visual Studio Version 17
VisualStudioVersion = 17.14.36414.22 d17.14
MinimumVisualStudioVersion = 10.0.40219.1
Project("{FAE04EC0-301F-11D3-BF4B-00C04F79EFBC}") = "задание 1", "задание 1\задание 1.csproj", "{B35116EB-B1AE-4161-9CB7-D499C2395C2A}"
EndProject
Global
	GlobalSection(SolutionConfigurationPlatforms) = preSolution
		Debug|Any CPU = Debug|Any CPU
		Release|Any CPU = Release|Any CPU
	EndGlobalSection
	GlobalSection(ProjectConfigurationPlatforms) = postSolution
		{B35116EB-B1AE-4161-9CB7-D499C2395C2A}.Debug|Any CPU.ActiveCfg = Debug|Any CPU
		{B35116EB-B1AE-4161-9CB7-D499C2395C2A}.Debug|Any CPU.Build.0 = Debug|Any CPU
		{B35116EB-B1AE-4161-9CB7-D499C2395C2A}.Release|Any CPU.ActiveCfg = Release|Any CPU
		{B35116EB-B1AE-4161-9CB7-D499C2395C2A}.Release|Any CPU.Build.0 = Release|Any CPU
	EndGlobalSection
	GlobalSection(SolutionProperties) = preSolution
		HideSolutionNode = FALSE
	EndGlobalSection
	GlobalSection(ExtensibilityGlobals) = postSolution
		SolutionGuid = {6DBFD5F5-5A8D-48A9-A266-F6F186771CC3}
	EndGlobalSection
EndGlobal
