
Microsoft Visual Studio Solution File, Format Version 12.00
# Visual Studio Version 17
VisualStudioVersion = 17.14.36414.22 d17.14
MinimumVisualStudioVersion = 10.0.40219.1
Project("{FAE04EC0-301F-11D3-BF4B-00C04F79EFBC}") = "задание 4", "задание 4\задание 4.csproj", "{F10DC00C-D853-40F1-B067-0CCA9C6DE9C9}"
EndProject
Global
	GlobalSection(SolutionConfigurationPlatforms) = preSolution
		Debug|Any CPU = Debug|Any CPU
		Release|Any CPU = Release|Any CPU
	EndGlobalSection
	GlobalSection(ProjectConfigurationPlatforms) = postSolution
		{F10DC00C-D853-40F1-B067-0CCA9C6DE9C9}.Debug|Any CPU.ActiveCfg = Debug|Any CPU
		{F10DC00C-D853-40F1-B067-0CCA9C6DE9C9}.Debug|Any CPU.Build.0 = Debug|Any CPU
		{F10DC00C-D853-40F1-B067-0CCA9C6DE9C9}.Release|Any CPU.ActiveCfg = Release|Any CPU
		{F10DC00C-D853-40F1-B067-0CCA9C6DE9C9}.Release|Any CPU.Build.0 = Release|Any CPU
	EndGlobalSection
	GlobalSection(SolutionProperties) = preSolution
		HideSolutionNode = FALSE
	EndGlobalSection
	GlobalSection(ExtensibilityGlobals) = postSolution
		SolutionGuid = {156BE159-C367-4E4B-BFD8-ECB9A9F6A95A}
	EndGlobalSection
EndGlobal
