
Microsoft Visual Studio Solution File, Format Version 12.00
# Visual Studio Version 17
VisualStudioVersion = 17.14.36414.22 d17.14
MinimumVisualStudioVersion = 10.0.40219.1
Project("{FAE04EC0-301F-11D3-BF4B-00C04F79EFBC}") = "задание 5", "задание 5\задание 5.csproj", "{DE56D2AD-B708-4219-9A7C-6F56A433944C}"
EndProject
Global
	GlobalSection(SolutionConfigurationPlatforms) = preSolution
		Debug|Any CPU = Debug|Any CPU
		Release|Any CPU = Release|Any CPU
	EndGlobalSection
	GlobalSection(ProjectConfigurationPlatforms) = postSolution
		{DE56D2AD-B708-4219-9A7C-6F56A433944C}.Debug|Any CPU.ActiveCfg = Debug|Any CPU
		{DE56D2AD-B708-4219-9A7C-6F56A433944C}.Debug|Any CPU.Build.0 = Debug|Any CPU
		{DE56D2AD-B708-4219-9A7C-6F56A433944C}.Release|Any CPU.ActiveCfg = Release|Any CPU
		{DE56D2AD-B708-4219-9A7C-6F56A433944C}.Release|Any CPU.Build.0 = Release|Any CPU
	EndGlobalSection
	GlobalSection(SolutionProperties) = preSolution
		HideSolutionNode = FALSE
	EndGlobalSection
	GlobalSection(ExtensibilityGlobals) = postSolution
		SolutionGuid = {E09118D5-D32D-4376-BF64-3F73D54C74BC}
	EndGlobalSection
EndGlobal
