
Microsoft Visual Studio Solution File, Format Version 12.00
# Visual Studio Version 17
VisualStudioVersion = 17.14.36414.22 d17.14
MinimumVisualStudioVersion = 10.0.40219.1
Project("{FAE04EC0-301F-11D3-BF4B-00C04F79EFBC}") = "задание 1", "задание 1\задание 1.csproj", "{B4D0BDC3-A0C8-4CFA-B1DB-CDDCF0D888BF}"
EndProject
Global
	GlobalSection(SolutionConfigurationPlatforms) = preSolution
		Debug|Any CPU = Debug|Any CPU
		Release|Any CPU = Release|Any CPU
	EndGlobalSection
	GlobalSection(ProjectConfigurationPlatforms) = postSolution
		{B4D0BDC3-A0C8-4CFA-B1DB-CDDCF0D888BF}.Debug|Any CPU.ActiveCfg = Debug|Any CPU
		{B4D0BDC3-A0C8-4CFA-B1DB-CDDCF0D888BF}.Debug|Any CPU.Build.0 = Debug|Any CPU
		{B4D0BDC3-A0C8-4CFA-B1DB-CDDCF0D888BF}.Release|Any CPU.ActiveCfg = Release|Any CPU
		{B4D0BDC3-A0C8-4CFA-B1DB-CDDCF0D888BF}.Release|Any CPU.Build.0 = Release|Any CPU
	EndGlobalSection
	GlobalSection(SolutionProperties) = preSolution
		HideSolutionNode = FALSE
	EndGlobalSection
	GlobalSection(ExtensibilityGlobals) = postSolution
		SolutionGuid = {7B812521-0D2A-4843-B77E-EEFB42A0741F}
	EndGlobalSection
EndGlobal
