
Microsoft Visual Studio Solution File, Format Version 12.00
# Visual Studio Version 17
VisualStudioVersion = 17.14.36414.22 d17.14
MinimumVisualStudioVersion = 10.0.40219.1
Project("{FAE04EC0-301F-11D3-BF4B-00C04F79EFBC}") = "задание 5", "задание 5\задание 5.csproj", "{424F11B9-E196-44BD-AC3E-46E7C6A8B9AF}"
EndProject
Global
	GlobalSection(SolutionConfigurationPlatforms) = preSolution
		Debug|Any CPU = Debug|Any CPU
		Release|Any CPU = Release|Any CPU
	EndGlobalSection
	GlobalSection(ProjectConfigurationPlatforms) = postSolution
		{424F11B9-E196-44BD-AC3E-46E7C6A8B9AF}.Debug|Any CPU.ActiveCfg = Debug|Any CPU
		{424F11B9-E196-44BD-AC3E-46E7C6A8B9AF}.Debug|Any CPU.Build.0 = Debug|Any CPU
		{424F11B9-E196-44BD-AC3E-46E7C6A8B9AF}.Release|Any CPU.ActiveCfg = Release|Any CPU
		{424F11B9-E196-44BD-AC3E-46E7C6A8B9AF}.Release|Any CPU.Build.0 = Release|Any CPU
	EndGlobalSection
	GlobalSection(SolutionProperties) = preSolution
		HideSolutionNode = FALSE
	EndGlobalSection
	GlobalSection(ExtensibilityGlobals) = postSolution
		SolutionGuid = {11914412-BA73-4A46-87EC-C02DF5B76329}
	EndGlobalSection
EndGlobal
