
Microsoft Visual Studio Solution File, Format Version 12.00
# Visual Studio Version 17
VisualStudioVersion = 17.14.36414.22 d17.14
MinimumVisualStudioVersion = 10.0.40219.1
Project("{FAE04EC0-301F-11D3-BF4B-00C04F79EFBC}") = "задание 1", "задание 1\задание 1.csproj", "{3607C1C5-4BFB-4BE1-ADF7-DE6746A3E228}"
EndProject
Global
	GlobalSection(SolutionConfigurationPlatforms) = preSolution
		Debug|Any CPU = Debug|Any CPU
		Release|Any CPU = Release|Any CPU
	EndGlobalSection
	GlobalSection(ProjectConfigurationPlatforms) = postSolution
		{3607C1C5-4BFB-4BE1-ADF7-DE6746A3E228}.Debug|Any CPU.ActiveCfg = Debug|Any CPU
		{3607C1C5-4BFB-4BE1-ADF7-DE6746A3E228}.Debug|Any CPU.Build.0 = Debug|Any CPU
		{3607C1C5-4BFB-4BE1-ADF7-DE6746A3E228}.Release|Any CPU.ActiveCfg = Release|Any CPU
		{3607C1C5-4BFB-4BE1-ADF7-DE6746A3E228}.Release|Any CPU.Build.0 = Release|Any CPU
	EndGlobalSection
	GlobalSection(SolutionProperties) = preSolution
		HideSolutionNode = FALSE
	EndGlobalSection
	GlobalSection(ExtensibilityGlobals) = postSolution
		SolutionGuid = {F9BDE932-4654-43C1-AD1D-914CF9805DF9}
	EndGlobalSection
EndGlobal
