
Microsoft Visual Studio Solution File, Format Version 12.00
# Visual Studio Version 17
VisualStudioVersion = 17.14.36414.22 d17.14
MinimumVisualStudioVersion = 10.0.40219.1
Project("{FAE04EC0-301F-11D3-BF4B-00C04F79EFBC}") = "практическая 15", "практическая 15\практическая 15.csproj", "{61CA953B-6A26-43EE-8721-8A47B0408F0A}"
EndProject
Global
	GlobalSection(SolutionConfigurationPlatforms) = preSolution
		Debug|Any CPU = Debug|Any CPU
		Release|Any CPU = Release|Any CPU
	EndGlobalSection
	GlobalSection(ProjectConfigurationPlatforms) = postSolution
		{61CA953B-6A26-43EE-8721-8A47B0408F0A}.Debug|Any CPU.ActiveCfg = Debug|Any CPU
		{61CA953B-6A26-43EE-8721-8A47B0408F0A}.Debug|Any CPU.Build.0 = Debug|Any CPU
		{61CA953B-6A26-43EE-8721-8A47B0408F0A}.Release|Any CPU.ActiveCfg = Release|Any CPU
		{61CA953B-6A26-43EE-8721-8A47B0408F0A}.Release|Any CPU.Build.0 = Release|Any CPU
	EndGlobalSection
	GlobalSection(SolutionProperties) = preSolution
		HideSolutionNode = FALSE
	EndGlobalSection
	GlobalSection(ExtensibilityGlobals) = postSolution
		SolutionGuid = {E5C30159-2954-460A-8534-9F53866B035C}
	EndGlobalSection
EndGlobal
