
Microsoft Visual Studio Solution File, Format Version 12.00
# Visual Studio Version 17
VisualStudioVersion = 17.14.36414.22 d17.14
MinimumVisualStudioVersion = 10.0.40219.1
Project("{FAE04EC0-301F-11D3-BF4B-00C04F79EFBC}") = "ConsoleApp2", "ConsoleApp2\ConsoleApp2.csproj", "{C2984AFF-2F56-4212-9EBE-79AA41DDA44A}"
EndProject
Global
	GlobalSection(SolutionConfigurationPlatforms) = preSolution
		Debug|Any CPU = Debug|Any CPU
		Release|Any CPU = Release|Any CPU
	EndGlobalSection
	GlobalSection(ProjectConfigurationPlatforms) = postSolution
		{C2984AFF-2F56-4212-9EBE-79AA41DDA44A}.Debug|Any CPU.ActiveCfg = Debug|Any CPU
		{C2984AFF-2F56-4212-9EBE-79AA41DDA44A}.Debug|Any CPU.Build.0 = Debug|Any CPU
		{C2984AFF-2F56-4212-9EBE-79AA41DDA44A}.Release|Any CPU.ActiveCfg = Release|Any CPU
		{C2984AFF-2F56-4212-9EBE-79AA41DDA44A}.Release|Any CPU.Build.0 = Release|Any CPU
	EndGlobalSection
	GlobalSection(SolutionProperties) = preSolution
		HideSolutionNode = FALSE
	EndGlobalSection
	GlobalSection(ExtensibilityGlobals) = postSolution
		SolutionGuid = {19E2C907-7FAD-48CD-9156-98AF6DFC6274}
	EndGlobalSection
EndGlobal
