
Microsoft Visual Studio Solution File, Format Version 12.00
# Visual Studio Version 17
VisualStudioVersion = 17.14.36414.22 d17.14
MinimumVisualStudioVersion = 10.0.40219.1
Project("{FAE04EC0-301F-11D3-BF4B-00C04F79EFBC}") = "задание 3", "задание 3\задание 3.csproj", "{681FC40C-B4F7-4798-B2CE-5ACD4C991A61}"
EndProject
Global
	GlobalSection(SolutionConfigurationPlatforms) = preSolution
		Debug|Any CPU = Debug|Any CPU
		Release|Any CPU = Release|Any CPU
	EndGlobalSection
	GlobalSection(ProjectConfigurationPlatforms) = postSolution
		{681FC40C-B4F7-4798-B2CE-5ACD4C991A61}.Debug|Any CPU.ActiveCfg = Debug|Any CPU
		{681FC40C-B4F7-4798-B2CE-5ACD4C991A61}.Debug|Any CPU.Build.0 = Debug|Any CPU
		{681FC40C-B4F7-4798-B2CE-5ACD4C991A61}.Release|Any CPU.ActiveCfg = Release|Any CPU
		{681FC40C-B4F7-4798-B2CE-5ACD4C991A61}.Release|Any CPU.Build.0 = Release|Any CPU
	EndGlobalSection
	GlobalSection(SolutionProperties) = preSolution
		HideSolutionNode = FALSE
	EndGlobalSection
	GlobalSection(ExtensibilityGlobals) = postSolution
		SolutionGuid = {8A13E49B-B709-42B1-BD0A-94D6297762B0}
	EndGlobalSection
EndGlobal
