
Microsoft Visual Studio Solution File, Format Version 12.00
# Visual Studio Version 17
VisualStudioVersion = 17.14.36414.22 d17.14
MinimumVisualStudioVersion = 10.0.40219.1
Project("{FAE04EC0-301F-11D3-BF4B-00C04F79EFBC}") = "задание 5", "задание 5\задание 5.csproj", "{71DB3D43-DBA0-4C8C-BB78-2A192F46A764}"
EndProject
Global
	GlobalSection(SolutionConfigurationPlatforms) = preSolution
		Debug|Any CPU = Debug|Any CPU
		Release|Any CPU = Release|Any CPU
	EndGlobalSection
	GlobalSection(ProjectConfigurationPlatforms) = postSolution
		{71DB3D43-DBA0-4C8C-BB78-2A192F46A764}.Debug|Any CPU.ActiveCfg = Debug|Any CPU
		{71DB3D43-DBA0-4C8C-BB78-2A192F46A764}.Debug|Any CPU.Build.0 = Debug|Any CPU
		{71DB3D43-DBA0-4C8C-BB78-2A192F46A764}.Release|Any CPU.ActiveCfg = Release|Any CPU
		{71DB3D43-DBA0-4C8C-BB78-2A192F46A764}.Release|Any CPU.Build.0 = Release|Any CPU
	EndGlobalSection
	GlobalSection(SolutionProperties) = preSolution
		HideSolutionNode = FALSE
	EndGlobalSection
	GlobalSection(ExtensibilityGlobals) = postSolution
		SolutionGuid = {7F1A0753-DDE1-4243-ACBA-847BABE10400}
	EndGlobalSection
EndGlobal
