
Microsoft Visual Studio Solution File, Format Version 12.00
# Visual Studio Version 17
VisualStudioVersion = 17.14.36414.22 d17.14
MinimumVisualStudioVersion = 10.0.40219.1
Project("{FAE04EC0-301F-11D3-BF4B-00C04F79EFBC}") = "задание 4", "задание 4\задание 4.csproj", "{0ED76302-66BF-4B52-8CEE-40CAB33E89C2}"
EndProject
Global
	GlobalSection(SolutionConfigurationPlatforms) = preSolution
		Debug|Any CPU = Debug|Any CPU
		Release|Any CPU = Release|Any CPU
	EndGlobalSection
	GlobalSection(ProjectConfigurationPlatforms) = postSolution
		{0ED76302-66BF-4B52-8CEE-40CAB33E89C2}.Debug|Any CPU.ActiveCfg = Debug|Any CPU
		{0ED76302-66BF-4B52-8CEE-40CAB33E89C2}.Debug|Any CPU.Build.0 = Debug|Any CPU
		{0ED76302-66BF-4B52-8CEE-40CAB33E89C2}.Release|Any CPU.ActiveCfg = Release|Any CPU
		{0ED76302-66BF-4B52-8CEE-40CAB33E89C2}.Release|Any CPU.Build.0 = Release|Any CPU
	EndGlobalSection
	GlobalSection(SolutionProperties) = preSolution
		HideSolutionNode = FALSE
	EndGlobalSection
	GlobalSection(ExtensibilityGlobals) = postSolution
		SolutionGuid = {D783E2AC-5789-4640-9E2A-16EEFC8E7126}
	EndGlobalSection
EndGlobal
