
Microsoft Visual Studio Solution File, Format Version 12.00
# Visual Studio Version 17
VisualStudioVersion = 17.14.36414.22 d17.14
MinimumVisualStudioVersion = 10.0.40219.1
Project("{FAE04EC0-301F-11D3-BF4B-00C04F79EFBC}") = "задание 3", "задание 3\задание 3.csproj", "{614A3781-4E1A-42FC-B808-6BA0AF2DD157}"
EndProject
Global
	GlobalSection(SolutionConfigurationPlatforms) = preSolution
		Debug|Any CPU = Debug|Any CPU
		Release|Any CPU = Release|Any CPU
	EndGlobalSection
	GlobalSection(ProjectConfigurationPlatforms) = postSolution
		{614A3781-4E1A-42FC-B808-6BA0AF2DD157}.Debug|Any CPU.ActiveCfg = Debug|Any CPU
		{614A3781-4E1A-42FC-B808-6BA0AF2DD157}.Debug|Any CPU.Build.0 = Debug|Any CPU
		{614A3781-4E1A-42FC-B808-6BA0AF2DD157}.Release|Any CPU.ActiveCfg = Release|Any CPU
		{614A3781-4E1A-42FC-B808-6BA0AF2DD157}.Release|Any CPU.Build.0 = Release|Any CPU
	EndGlobalSection
	GlobalSection(SolutionProperties) = preSolution
		HideSolutionNode = FALSE
	EndGlobalSection
	GlobalSection(ExtensibilityGlobals) = postSolution
		SolutionGuid = {B84A5FA8-251A-41AC-B2F3-E8371BA59B5C}
	EndGlobalSection
EndGlobal
