
Microsoft Visual Studio Solution File, Format Version 12.00
# Visual Studio Version 17
VisualStudioVersion = 17.14.36414.22 d17.14
MinimumVisualStudioVersion = 10.0.40219.1
Project("{FAE04EC0-301F-11D3-BF4B-00C04F79EFBC}") = "задание 1", "задание 1\задание 1.csproj", "{FEFC7C79-3529-4D86-9079-6BD03D95CFF6}"
EndProject
Global
	GlobalSection(SolutionConfigurationPlatforms) = preSolution
		Debug|Any CPU = Debug|Any CPU
		Release|Any CPU = Release|Any CPU
	EndGlobalSection
	GlobalSection(ProjectConfigurationPlatforms) = postSolution
		{FEFC7C79-3529-4D86-9079-6BD03D95CFF6}.Debug|Any CPU.ActiveCfg = Debug|Any CPU
		{FEFC7C79-3529-4D86-9079-6BD03D95CFF6}.Debug|Any CPU.Build.0 = Debug|Any CPU
		{FEFC7C79-3529-4D86-9079-6BD03D95CFF6}.Release|Any CPU.ActiveCfg = Release|Any CPU
		{FEFC7C79-3529-4D86-9079-6BD03D95CFF6}.Release|Any CPU.Build.0 = Release|Any CPU
	EndGlobalSection
	GlobalSection(SolutionProperties) = preSolution
		HideSolutionNode = FALSE
	EndGlobalSection
	GlobalSection(ExtensibilityGlobals) = postSolution
		SolutionGuid = {578DCF66-7D61-4F55-AEC2-F48AD5F0AEBB}
	EndGlobalSection
EndGlobal
