
Microsoft Visual Studio Solution File, Format Version 12.00
# Visual Studio Version 17
VisualStudioVersion = 17.14.36414.22 d17.14
MinimumVisualStudioVersion = 10.0.40219.1
Project("{FAE04EC0-301F-11D3-BF4B-00C04F79EFBC}") = "задание 5", "задание 5\задание 5.csproj", "{169B363F-2759-4B1B-8279-32B7F9C01ED0}"
EndProject
Global
	GlobalSection(SolutionConfigurationPlatforms) = preSolution
		Debug|Any CPU = Debug|Any CPU
		Release|Any CPU = Release|Any CPU
	EndGlobalSection
	GlobalSection(ProjectConfigurationPlatforms) = postSolution
		{169B363F-2759-4B1B-8279-32B7F9C01ED0}.Debug|Any CPU.ActiveCfg = Debug|Any CPU
		{169B363F-2759-4B1B-8279-32B7F9C01ED0}.Debug|Any CPU.Build.0 = Debug|Any CPU
		{169B363F-2759-4B1B-8279-32B7F9C01ED0}.Release|Any CPU.ActiveCfg = Release|Any CPU
		{169B363F-2759-4B1B-8279-32B7F9C01ED0}.Release|Any CPU.Build.0 = Release|Any CPU
	EndGlobalSection
	GlobalSection(SolutionProperties) = preSolution
		HideSolutionNode = FALSE
	EndGlobalSection
	GlobalSection(ExtensibilityGlobals) = postSolution
		SolutionGuid = {A16D2903-8F8D-41BA-B8A6-9B8D17F7176B}
	EndGlobalSection
EndGlobal
