
Microsoft Visual Studio Solution File, Format Version 12.00
# Visual Studio Version 17
VisualStudioVersion = 17.14.36414.22 d17.14
MinimumVisualStudioVersion = 10.0.40219.1
Project("{FAE04EC0-301F-11D3-BF4B-00C04F79EFBC}") = "задание 4", "задание 4\задание 4.csproj", "{9AD86BD3-8147-4566-8960-1FEC30B88A89}"
EndProject
Global
	GlobalSection(SolutionConfigurationPlatforms) = preSolution
		Debug|Any CPU = Debug|Any CPU
		Release|Any CPU = Release|Any CPU
	EndGlobalSection
	GlobalSection(ProjectConfigurationPlatforms) = postSolution
		{9AD86BD3-8147-4566-8960-1FEC30B88A89}.Debug|Any CPU.ActiveCfg = Debug|Any CPU
		{9AD86BD3-8147-4566-8960-1FEC30B88A89}.Debug|Any CPU.Build.0 = Debug|Any CPU
		{9AD86BD3-8147-4566-8960-1FEC30B88A89}.Release|Any CPU.ActiveCfg = Release|Any CPU
		{9AD86BD3-8147-4566-8960-1FEC30B88A89}.Release|Any CPU.Build.0 = Release|Any CPU
	EndGlobalSection
	GlobalSection(SolutionProperties) = preSolution
		HideSolutionNode = FALSE
	EndGlobalSection
	GlobalSection(ExtensibilityGlobals) = postSolution
		SolutionGuid = {4154C96A-814C-43BA-9D59-FA64CC3D8776}
	EndGlobalSection
EndGlobal
