
Microsoft Visual Studio Solution File, Format Version 12.00
# Visual Studio Version 17
VisualStudioVersion = 17.14.36414.22 d17.14
MinimumVisualStudioVersion = 10.0.40219.1
Project("{FAE04EC0-301F-11D3-BF4B-00C04F79EFBC}") = "задание 3", "задание 3\задание 3.csproj", "{0B274DDC-73CC-4BD2-A2B2-57E8BA8E91B3}"
EndProject
Global
	GlobalSection(SolutionConfigurationPlatforms) = preSolution
		Debug|Any CPU = Debug|Any CPU
		Release|Any CPU = Release|Any CPU
	EndGlobalSection
	GlobalSection(ProjectConfigurationPlatforms) = postSolution
		{0B274DDC-73CC-4BD2-A2B2-57E8BA8E91B3}.Debug|Any CPU.ActiveCfg = Debug|Any CPU
		{0B274DDC-73CC-4BD2-A2B2-57E8BA8E91B3}.Debug|Any CPU.Build.0 = Debug|Any CPU
		{0B274DDC-73CC-4BD2-A2B2-57E8BA8E91B3}.Release|Any CPU.ActiveCfg = Release|Any CPU
		{0B274DDC-73CC-4BD2-A2B2-57E8BA8E91B3}.Release|Any CPU.Build.0 = Release|Any CPU
	EndGlobalSection
	GlobalSection(SolutionProperties) = preSolution
		HideSolutionNode = FALSE
	EndGlobalSection
	GlobalSection(ExtensibilityGlobals) = postSolution
		SolutionGuid = {6EFCA532-98CE-446D-9091-64BA12F1815F}
	EndGlobalSection
EndGlobal
