
Microsoft Visual Studio Solution File, Format Version 12.00
# Visual Studio Version 17
VisualStudioVersion = 17.14.36414.22 d17.14
MinimumVisualStudioVersion = 10.0.40219.1
Project("{FAE04EC0-301F-11D3-BF4B-00C04F79EFBC}") = "задание 1", "задание 1\задание 1.csproj", "{C8460116-4B1B-4BB2-A58C-CEC1E59B8E79}"
EndProject
Global
	GlobalSection(SolutionConfigurationPlatforms) = preSolution
		Debug|Any CPU = Debug|Any CPU
		Release|Any CPU = Release|Any CPU
	EndGlobalSection
	GlobalSection(ProjectConfigurationPlatforms) = postSolution
		{C8460116-4B1B-4BB2-A58C-CEC1E59B8E79}.Debug|Any CPU.ActiveCfg = Debug|Any CPU
		{C8460116-4B1B-4BB2-A58C-CEC1E59B8E79}.Debug|Any CPU.Build.0 = Debug|Any CPU
		{C8460116-4B1B-4BB2-A58C-CEC1E59B8E79}.Release|Any CPU.ActiveCfg = Release|Any CPU
		{C8460116-4B1B-4BB2-A58C-CEC1E59B8E79}.Release|Any CPU.Build.0 = Release|Any CPU
	EndGlobalSection
	GlobalSection(SolutionProperties) = preSolution
		HideSolutionNode = FALSE
	EndGlobalSection
	GlobalSection(ExtensibilityGlobals) = postSolution
		SolutionGuid = {3778CC8D-14C6-430C-BCFB-7E56B02A4753}
	EndGlobalSection
EndGlobal
